// !$*UTF8*$!
{
	archiveVersion = 1;
	classes = {
	};
	objectVersion = 55;
	objects = {

/* Begin PBXBuildFile section */
		31B6573A2793D8B80050EC9A /* AppDelegate.swift in Sources */ = {isa = PBXBuildFile; fileRef = 31B657392793D8B80050EC9A /* AppDelegate.swift */; };
		31B6573C2793D8B80050EC9A /* SceneDelegate.swift in Sources */ = {isa = PBXBuildFile; fileRef = 31B6573B2793D8B80050EC9A /* SceneDelegate.swift */; };
		31B657432793D8BB0050EC9A /* Assets.xcassets in Resources */ = {isa = PBXBuildFile; fileRef = 31B657422793D8BB0050EC9A /* Assets.xcassets */; };
		31B657462793D8BB0050EC9A /* LaunchScreen.storyboard in Resources */ = {isa = PBXBuildFile; fileRef = 31B657442793D8BB0050EC9A /* LaunchScreen.storyboard */; };
		31B6576A2793DA590050EC9A /* QuestionViewControllerTest.swift in Sources */ = {isa = PBXBuildFile; fileRef = 31B657692793DA590050EC9A /* QuestionViewControllerTest.swift */; };
		31B6576D2793DAEA0050EC9A /* QuestionViewController.swift in Sources */ = {isa = PBXBuildFile; fileRef = 31B6576C2793DAEA0050EC9A /* QuestionViewController.swift */; };
		31B657702793DBC80050EC9A /* PinLayout in Frameworks */ = {isa = PBXBuildFile; productRef = 31B6576F2793DBC80050EC9A /* PinLayout */; };
		31B6577227940F000050EC9A /* ResultViewControllerTest.swift in Sources */ = {isa = PBXBuildFile; fileRef = 31B6577127940F000050EC9A /* ResultViewControllerTest.swift */; };
		31B6577427940F7C0050EC9A /* ResultViewController.swift in Sources */ = {isa = PBXBuildFile; fileRef = 31B6577327940F7C0050EC9A /* ResultViewController.swift */; };
		31B65776279416FD0050EC9A /* UITableViewHelpers.swift in Sources */ = {isa = PBXBuildFile; fileRef = 31B65775279416FD0050EC9A /* UITableViewHelpers.swift */; };
		31B6577827943D540050EC9A /* UITableView+extensions.swift in Sources */ = {isa = PBXBuildFile; fileRef = 31B6577727943D540050EC9A /* UITableView+extensions.swift */; };
		31B6577A27943D790050EC9A /* UITableViewCell+extension.swift in Sources */ = {isa = PBXBuildFile; fileRef = 31B6577927943D790050EC9A /* UITableViewCell+extension.swift */; };
		31B6577D27943FED0050EC9A /* CorrectAnswerCell.swift in Sources */ = {isa = PBXBuildFile; fileRef = 31B6577C27943FED0050EC9A /* CorrectAnswerCell.swift */; };
		31B6577F279440080050EC9A /* WrongAnswerCell.swift in Sources */ = {isa = PBXBuildFile; fileRef = 31B6577E279440080050EC9A /* WrongAnswerCell.swift */; };
		31EEB6C22798449B00D05D16 /* QuizEngine.framework in Frameworks */ = {isa = PBXBuildFile; fileRef = 31EEB6C12798449B00D05D16 /* QuizEngine.framework */; };
		31EEB6C32798449B00D05D16 /* QuizEngine.framework in Embed Frameworks */ = {isa = PBXBuildFile; fileRef = 31EEB6C12798449B00D05D16 /* QuizEngine.framework */; settings = {ATTRIBUTES = (CodeSignOnCopy, RemoveHeadersOnCopy, ); }; };
		31EEB6C62798450E00D05D16 /* NavigationControllerRouterTest.swift in Sources */ = {isa = PBXBuildFile; fileRef = 31EEB6C52798450E00D05D16 /* NavigationControllerRouterTest.swift */; };
		31EEB6C82798467B00D05D16 /* NavigationControllerRouter.swift in Sources */ = {isa = PBXBuildFile; fileRef = 31EEB6C72798467B00D05D16 /* NavigationControllerRouter.swift */; };
		31EEB6CA279AC79C00D05D16 /* QuestionTest.swift in Sources */ = {isa = PBXBuildFile; fileRef = 31EEB6C9279AC79C00D05D16 /* QuestionTest.swift */; };
		31EEB6CD279ACD8400D05D16 /* Question.swift in Sources */ = {isa = PBXBuildFile; fileRef = 31EEB6CB279ACD7E00D05D16 /* Question.swift */; };
/* End PBXBuildFile section */

/* Begin PBXContainerItemProxy section */
		31B6574D2793D8BC0050EC9A /* PBXContainerItemProxy */ = {
			isa = PBXContainerItemProxy;
			containerPortal = 31B6572E2793D8B80050EC9A /* Project object */;
			proxyType = 1;
			remoteGlobalIDString = 31B657352793D8B80050EC9A;
			remoteInfo = QuizApp;
		};
/* End PBXContainerItemProxy section */

/* Begin PBXCopyFilesBuildPhase section */
		31EEB6C42798449B00D05D16 /* Embed Frameworks */ = {
			isa = PBXCopyFilesBuildPhase;
			buildActionMask = 2147483647;
			dstPath = "";
			dstSubfolderSpec = 10;
			files = (
				31EEB6C32798449B00D05D16 /* QuizEngine.framework in Embed Frameworks */,
			);
			name = "Embed Frameworks";
			runOnlyForDeploymentPostprocessing = 0;
		};
/* End PBXCopyFilesBuildPhase section */

/* Begin PBXFileReference section */
		31B657362793D8B80050EC9A /* QuizApp.app */ = {isa = PBXFileReference; explicitFileType = wrapper.application; includeInIndex = 0; path = QuizApp.app; sourceTree = BUILT_PRODUCTS_DIR; };
		31B657392793D8B80050EC9A /* AppDelegate.swift */ = {isa = PBXFileReference; lastKnownFileType = sourcecode.swift; path = AppDelegate.swift; sourceTree = "<group>"; };
		31B6573B2793D8B80050EC9A /* SceneDelegate.swift */ = {isa = PBXFileReference; lastKnownFileType = sourcecode.swift; path = SceneDelegate.swift; sourceTree = "<group>"; };
		31B657422793D8BB0050EC9A /* Assets.xcassets */ = {isa = PBXFileReference; lastKnownFileType = folder.assetcatalog; path = Assets.xcassets; sourceTree = "<group>"; };
		31B657452793D8BB0050EC9A /* Base */ = {isa = PBXFileReference; lastKnownFileType = file.storyboard; name = Base; path = Base.lproj/LaunchScreen.storyboard; sourceTree = "<group>"; };
		31B657472793D8BB0050EC9A /* Info.plist */ = {isa = PBXFileReference; lastKnownFileType = text.plist.xml; path = Info.plist; sourceTree = "<group>"; };
		31B6574C2793D8BC0050EC9A /* QuizAppTests.xctest */ = {isa = PBXFileReference; explicitFileType = wrapper.cfbundle; includeInIndex = 0; path = QuizAppTests.xctest; sourceTree = BUILT_PRODUCTS_DIR; };
		31B657692793DA590050EC9A /* QuestionViewControllerTest.swift */ = {isa = PBXFileReference; lastKnownFileType = sourcecode.swift; path = QuestionViewControllerTest.swift; sourceTree = "<group>"; };
		31B6576C2793DAEA0050EC9A /* QuestionViewController.swift */ = {isa = PBXFileReference; lastKnownFileType = sourcecode.swift; path = QuestionViewController.swift; sourceTree = "<group>"; };
		31B6577127940F000050EC9A /* ResultViewControllerTest.swift */ = {isa = PBXFileReference; lastKnownFileType = sourcecode.swift; path = ResultViewControllerTest.swift; sourceTree = "<group>"; };
		31B6577327940F7C0050EC9A /* ResultViewController.swift */ = {isa = PBXFileReference; lastKnownFileType = sourcecode.swift; path = ResultViewController.swift; sourceTree = "<group>"; };
		31B65775279416FD0050EC9A /* UITableViewHelpers.swift */ = {isa = PBXFileReference; lastKnownFileType = sourcecode.swift; path = UITableViewHelpers.swift; sourceTree = "<group>"; };
		31B6577727943D540050EC9A /* UITableView+extensions.swift */ = {isa = PBXFileReference; lastKnownFileType = sourcecode.swift; path = "UITableView+extensions.swift"; sourceTree = "<group>"; };
		31B6577927943D790050EC9A /* UITableViewCell+extension.swift */ = {isa = PBXFileReference; lastKnownFileType = sourcecode.swift; path = "UITableViewCell+extension.swift"; sourceTree = "<group>"; };
		31B6577C27943FED0050EC9A /* CorrectAnswerCell.swift */ = {isa = PBXFileReference; lastKnownFileType = sourcecode.swift; path = CorrectAnswerCell.swift; sourceTree = "<group>"; };
		31B6577E279440080050EC9A /* WrongAnswerCell.swift */ = {isa = PBXFileReference; lastKnownFileType = sourcecode.swift; path = WrongAnswerCell.swift; sourceTree = "<group>"; };
		31EEB6C12798449B00D05D16 /* QuizEngine.framework */ = {isa = PBXFileReference; explicitFileType = wrapper.framework; path = QuizEngine.framework; sourceTree = BUILT_PRODUCTS_DIR; };
		31EEB6C52798450E00D05D16 /* NavigationControllerRouterTest.swift */ = {isa = PBXFileReference; lastKnownFileType = sourcecode.swift; path = NavigationControllerRouterTest.swift; sourceTree = "<group>"; };
		31EEB6C72798467B00D05D16 /* NavigationControllerRouter.swift */ = {isa = PBXFileReference; lastKnownFileType = sourcecode.swift; path = NavigationControllerRouter.swift; sourceTree = "<group>"; };
		31EEB6C9279AC79C00D05D16 /* QuestionTest.swift */ = {isa = PBXFileReference; lastKnownFileType = sourcecode.swift; path = QuestionTest.swift; sourceTree = "<group>"; };
		31EEB6CB279ACD7E00D05D16 /* Question.swift */ = {isa = PBXFileReference; lastKnownFileType = sourcecode.swift; path = Question.swift; sourceTree = "<group>"; };
/* End PBXFileReference section */

/* Begin PBXFrameworksBuildPhase section */
		31B657332793D8B80050EC9A /* Frameworks */ = {
			isa = PBXFrameworksBuildPhase;
			buildActionMask = 2147483647;
			files = (
				31B657702793DBC80050EC9A /* PinLayout in Frameworks */,
				31EEB6C22798449B00D05D16 /* QuizEngine.framework in Frameworks */,
			);
			runOnlyForDeploymentPostprocessing = 0;
		};
		31B657492793D8BB0050EC9A /* Frameworks */ = {
			isa = PBXFrameworksBuildPhase;
			buildActionMask = 2147483647;
			files = (
			);
			runOnlyForDeploymentPostprocessing = 0;
		};
/* End PBXFrameworksBuildPhase section */

/* Begin PBXGroup section */
		31B6572D2793D8B80050EC9A = {
			isa = PBXGroup;
			children = (
				31B657382793D8B80050EC9A /* QuizApp */,
				31B6574F2793D8BC0050EC9A /* QuizAppTests */,
				31EEB6C02798449B00D05D16 /* Frameworks */,
				31B657372793D8B80050EC9A /* Products */,
			);
			sourceTree = "<group>";
		};
		31B657372793D8B80050EC9A /* Products */ = {
			isa = PBXGroup;
			children = (
				31B657362793D8B80050EC9A /* QuizApp.app */,
				31B6574C2793D8BC0050EC9A /* QuizAppTests.xctest */,
			);
			name = Products;
			sourceTree = "<group>";
		};
		31B657382793D8B80050EC9A /* QuizApp */ = {
			isa = PBXGroup;
			children = (
				31B6577B27943FC00050EC9A /* Cell */,
				31B6576B2793DAD80050EC9A /* Supportings */,
				31B657472793D8BB0050EC9A /* Info.plist */,
				31EEB6CB279ACD7E00D05D16 /* Question.swift */,
				31B6576C2793DAEA0050EC9A /* QuestionViewController.swift */,
				31B6577327940F7C0050EC9A /* ResultViewController.swift */,
				31B6577727943D540050EC9A /* UITableView+extensions.swift */,
				31B6577927943D790050EC9A /* UITableViewCell+extension.swift */,
				31EEB6C72798467B00D05D16 /* NavigationControllerRouter.swift */,
			);
			path = QuizApp;
			sourceTree = "<group>";
		};
		31B6574F2793D8BC0050EC9A /* QuizAppTests */ = {
			isa = PBXGroup;
			children = (
				31B657692793DA590050EC9A /* QuestionViewControllerTest.swift */,
				31B6577127940F000050EC9A /* ResultViewControllerTest.swift */,
				31B65775279416FD0050EC9A /* UITableViewHelpers.swift */,
				31EEB6C52798450E00D05D16 /* NavigationControllerRouterTest.swift */,
				31EEB6C9279AC79C00D05D16 /* QuestionTest.swift */,
			);
			path = QuizAppTests;
			sourceTree = "<group>";
		};
		31B6576B2793DAD80050EC9A /* Supportings */ = {
			isa = PBXGroup;
			children = (
				31B657392793D8B80050EC9A /* AppDelegate.swift */,
				31B6573B2793D8B80050EC9A /* SceneDelegate.swift */,
				31B657422793D8BB0050EC9A /* Assets.xcassets */,
				31B657442793D8BB0050EC9A /* LaunchScreen.storyboard */,
			);
			path = Supportings;
			sourceTree = "<group>";
		};
		31B6577B27943FC00050EC9A /* Cell */ = {
			isa = PBXGroup;
			children = (
				31B6577C27943FED0050EC9A /* CorrectAnswerCell.swift */,
				31B6577E279440080050EC9A /* WrongAnswerCell.swift */,
			);
			path = Cell;
			sourceTree = "<group>";
		};
		31EEB6C02798449B00D05D16 /* Frameworks */ = {
			isa = PBXGroup;
			children = (
				31EEB6C12798449B00D05D16 /* QuizEngine.framework */,
			);
			name = Frameworks;
			sourceTree = "<group>";
		};
/* End PBXGroup section */

/* Begin PBXNativeTarget section */
		31B657352793D8B80050EC9A /* QuizApp */ = {
			isa = PBXNativeTarget;
			buildConfigurationList = 31B657602793D8BC0050EC9A /* Build configuration list for PBXNativeTarget "QuizApp" */;
			buildPhases = (
				31B657322793D8B80050EC9A /* Sources */,
				31B657332793D8B80050EC9A /* Frameworks */,
				31B657342793D8B80050EC9A /* Resources */,
				31EEB6C42798449B00D05D16 /* Embed Frameworks */,
			);
			buildRules = (
			);
			dependencies = (
			);
			name = QuizApp;
			packageProductDependencies = (
				31B6576F2793DBC80050EC9A /* PinLayout */,
			);
			productName = QuizApp;
			productReference = 31B657362793D8B80050EC9A /* QuizApp.app */;
			productType = "com.apple.product-type.application";
		};
		31B6574B2793D8BB0050EC9A /* QuizAppTests */ = {
			isa = PBXNativeTarget;
			buildConfigurationList = 31B657632793D8BC0050EC9A /* Build configuration list for PBXNativeTarget "QuizAppTests" */;
			buildPhases = (
				31B657482793D8BB0050EC9A /* Sources */,
				31B657492793D8BB0050EC9A /* Frameworks */,
				31B6574A2793D8BB0050EC9A /* Resources */,
			);
			buildRules = (
			);
			dependencies = (
				31B6574E2793D8BC0050EC9A /* PBXTargetDependency */,
			);
			name = QuizAppTests;
			productName = QuizAppTests;
			productReference = 31B6574C2793D8BC0050EC9A /* QuizAppTests.xctest */;
			productType = "com.apple.product-type.bundle.unit-test";
		};
/* End PBXNativeTarget section */

/* Begin PBXProject section */
		31B6572E2793D8B80050EC9A /* Project object */ = {
			isa = PBXProject;
			attributes = {
				BuildIndependentTargetsInParallel = 1;
				LastSwiftUpdateCheck = 1320;
				LastUpgradeCheck = 1320;
				TargetAttributes = {
					31B657352793D8B80050EC9A = {
						CreatedOnToolsVersion = 13.2;
					};
					31B6574B2793D8BB0050EC9A = {
						CreatedOnToolsVersion = 13.2;
						LastSwiftMigration = 1320;
						TestTargetID = 31B657352793D8B80050EC9A;
					};
				};
			};
			buildConfigurationList = 31B657312793D8B80050EC9A /* Build configuration list for PBXProject "QuizApp" */;
			compatibilityVersion = "Xcode 13.0";
			developmentRegion = en;
			hasScannedForEncodings = 0;
			knownRegions = (
				en,
				Base,
			);
			mainGroup = 31B6572D2793D8B80050EC9A;
			packageReferences = (
				31B6576E2793DBC80050EC9A /* XCRemoteSwiftPackageReference "PinLayout" */,
			);
			productRefGroup = 31B657372793D8B80050EC9A /* Products */;
			projectDirPath = "";
			projectRoot = "";
			targets = (
				31B657352793D8B80050EC9A /* QuizApp */,
				31B6574B2793D8BB0050EC9A /* QuizAppTests */,
			);
		};
/* End PBXProject section */

/* Begin PBXResourcesBuildPhase section */
		31B657342793D8B80050EC9A /* Resources */ = {
			isa = PBXResourcesBuildPhase;
			buildActionMask = 2147483647;
			files = (
				31B657462793D8BB0050EC9A /* LaunchScreen.storyboard in Resources */,
				31B657432793D8BB0050EC9A /* Assets.xcassets in Resources */,
			);
			runOnlyForDeploymentPostprocessing = 0;
		};
		31B6574A2793D8BB0050EC9A /* Resources */ = {
			isa = PBXResourcesBuildPhase;
			buildActionMask = 2147483647;
			files = (
			);
			runOnlyForDeploymentPostprocessing = 0;
		};
/* End PBXResourcesBuildPhase section */

/* Begin PBXSourcesBuildPhase section */
		31B657322793D8B80050EC9A /* Sources */ = {
			isa = PBXSourcesBuildPhase;
			buildActionMask = 2147483647;
			files = (
				31B6577827943D540050EC9A /* UITableView+extensions.swift in Sources */,
				31B6573A2793D8B80050EC9A /* AppDelegate.swift in Sources */,
				31B6577D27943FED0050EC9A /* CorrectAnswerCell.swift in Sources */,
				31B6573C2793D8B80050EC9A /* SceneDelegate.swift in Sources */,
				31B6576D2793DAEA0050EC9A /* QuestionViewController.swift in Sources */,
				31EEB6CD279ACD8400D05D16 /* Question.swift in Sources */,
				31B6577F279440080050EC9A /* WrongAnswerCell.swift in Sources */,
				31EEB6C82798467B00D05D16 /* NavigationControllerRouter.swift in Sources */,
				31B6577427940F7C0050EC9A /* ResultViewController.swift in Sources */,
				31B6577A27943D790050EC9A /* UITableViewCell+extension.swift in Sources */,
			);
			runOnlyForDeploymentPostprocessing = 0;
		};
		31B657482793D8BB0050EC9A /* Sources */ = {
			isa = PBXSourcesBuildPhase;
			buildActionMask = 2147483647;
			files = (
				31EEB6CA279AC79C00D05D16 /* QuestionTest.swift in Sources */,
				31EEB6C62798450E00D05D16 /* NavigationControllerRouterTest.swift in Sources */,
				31B65776279416FD0050EC9A /* UITableViewHelpers.swift in Sources */,
				31B6576A2793DA590050EC9A /* QuestionViewControllerTest.swift in Sources */,
				31B6577227940F000050EC9A /* ResultViewControllerTest.swift in Sources */,
			);
			runOnlyForDeploymentPostprocessing = 0;
		};
/* End PBXSourcesBuildPhase section */

/* Begin PBXTargetDependency section */
		31B6574E2793D8BC0050EC9A /* PBXTargetDependency */ = {
			isa = PBXTargetDependency;
			target = 31B657352793D8B80050EC9A /* QuizApp */;
			targetProxy = 31B6574D2793D8BC0050EC9A /* PBXContainerItemProxy */;
		};
/* End PBXTargetDependency section */

/* Begin PBXVariantGroup section */
		31B657442793D8BB0050EC9A /* LaunchScreen.storyboard */ = {
			isa = PBXVariantGroup;
			children = (
				31B657452793D8BB0050EC9A /* Base */,
			);
			name = LaunchScreen.storyboard;
			sourceTree = "<group>";
		};
/* End PBXVariantGroup section */

/* Begin XCBuildConfiguration section */
		31B6575E2793D8BC0050EC9A /* Debug */ = {
			isa = XCBuildConfiguration;
			buildSettings = {
				ALWAYS_SEARCH_USER_PATHS = NO;
				CLANG_ANALYZER_NONNULL = YES;
				CLANG_ANALYZER_NUMBER_OBJECT_CONVERSION = YES_AGGRESSIVE;
				CLANG_CXX_LANGUAGE_STANDARD = "gnu++17";
				CLANG_CXX_LIBRARY = "libc++";
				CLANG_ENABLE_MODULES = YES;
				CLANG_ENABLE_OBJC_ARC = YES;
				CLANG_ENABLE_OBJC_WEAK = YES;
				CLANG_WARN_BLOCK_CAPTURE_AUTORELEASING = YES;
				CLANG_WARN_BOOL_CONVERSION = YES;
				CLANG_WARN_COMMA = YES;
				CLANG_WARN_CONSTANT_CONVERSION = YES;
				CLANG_WARN_DEPRECATED_OBJC_IMPLEMENTATIONS = YES;
				CLANG_WARN_DIRECT_OBJC_ISA_USAGE = YES_ERROR;
				CLANG_WARN_DOCUMENTATION_COMMENTS = YES;
				CLANG_WARN_EMPTY_BODY = YES;
				CLANG_WARN_ENUM_CONVERSION = YES;
				CLANG_WARN_INFINITE_RECURSION = YES;
				CLANG_WARN_INT_CONVERSION = YES;
				CLANG_WARN_NON_LITERAL_NULL_CONVERSION = YES;
				CLANG_WARN_OBJC_IMPLICIT_RETAIN_SELF = YES;
				CLANG_WARN_OBJC_LITERAL_CONVERSION = YES;
				CLANG_WARN_OBJC_ROOT_CLASS = YES_ERROR;
				CLANG_WARN_QUOTED_INCLUDE_IN_FRAMEWORK_HEADER = YES;
				CLANG_WARN_RANGE_LOOP_ANALYSIS = YES;
				CLANG_WARN_STRICT_PROTOTYPES = YES;
				CLANG_WARN_SUSPICIOUS_MOVE = YES;
				CLANG_WARN_UNGUARDED_AVAILABILITY = YES_AGGRESSIVE;
				CLANG_WARN_UNREACHABLE_CODE = YES;
				CLANG_WARN__DUPLICATE_METHOD_MATCH = YES;
				COPY_PHASE_STRIP = NO;
				DEBUG_INFORMATION_FORMAT = dwarf;
				ENABLE_STRICT_OBJC_MSGSEND = YES;
				ENABLE_TESTABILITY = YES;
				GCC_C_LANGUAGE_STANDARD = gnu11;
				GCC_DYNAMIC_NO_PIC = NO;
				GCC_NO_COMMON_BLOCKS = YES;
				GCC_OPTIMIZATION_LEVEL = 0;
				GCC_PREPROCESSOR_DEFINITIONS = (
					"DEBUG=1",
					"$(inherited)",
				);
				GCC_WARN_64_TO_32_BIT_CONVERSION = YES;
				GCC_WARN_ABOUT_RETURN_TYPE = YES_ERROR;
				GCC_WARN_UNDECLARED_SELECTOR = YES;
				GCC_WARN_UNINITIALIZED_AUTOS = YES_AGGRESSIVE;
				GCC_WARN_UNUSED_FUNCTION = YES;
				GCC_WARN_UNUSED_VARIABLE = YES;
				IPHONEOS_DEPLOYMENT_TARGET = 14.0;
				MTL_ENABLE_DEBUG_INFO = INCLUDE_SOURCE;
				MTL_FAST_MATH = YES;
				ONLY_ACTIVE_ARCH = YES;
				SDKROOT = iphoneos;
				SWIFT_ACTIVE_COMPILATION_CONDITIONS = DEBUG;
				SWIFT_OPTIMIZATION_LEVEL = "-Onone";
			};
			name = Debug;
		};
		31B6575F2793D8BC0050EC9A /* Release */ = {
			isa = XCBuildConfiguration;
			buildSettings = {
				ALWAYS_SEARCH_USER_PATHS = NO;
				CLANG_ANALYZER_NONNULL = YES;
				CLANG_ANALYZER_NUMBER_OBJECT_CONVERSION = YES_AGGRESSIVE;
				CLANG_CXX_LANGUAGE_STANDARD = "gnu++17";
				CLANG_CXX_LIBRARY = "libc++";
				CLANG_ENABLE_MODULES = YES;
				CLANG_ENABLE_OBJC_ARC = YES;
				CLANG_ENABLE_OBJC_WEAK = YES;
				CLANG_WARN_BLOCK_CAPTURE_AUTORELEASING = YES;
				CLANG_WARN_BOOL_CONVERSION = YES;
				CLANG_WARN_COMMA = YES;
				CLANG_WARN_CONSTANT_CONVERSION = YES;
				CLANG_WARN_DEPRECATED_OBJC_IMPLEMENTATIONS = YES;
				CLANG_WARN_DIRECT_OBJC_ISA_USAGE = YES_ERROR;
				CLANG_WARN_DOCUMENTATION_COMMENTS = YES;
				CLANG_WARN_EMPTY_BODY = YES;
				CLANG_WARN_ENUM_CONVERSION = YES;
				CLANG_WARN_INFINITE_RECURSION = YES;
				CLANG_WARN_INT_CONVERSION = YES;
				CLANG_WARN_NON_LITERAL_NULL_CONVERSION = YES;
				CLANG_WARN_OBJC_IMPLICIT_RETAIN_SELF = YES;
				CLANG_WARN_OBJC_LITERAL_CONVERSION = YES;
				CLANG_WARN_OBJC_ROOT_CLASS = YES_ERROR;
				CLANG_WARN_QUOTED_INCLUDE_IN_FRAMEWORK_HEADER = YES;
				CLANG_WARN_RANGE_LOOP_ANALYSIS = YES;
				CLANG_WARN_STRICT_PROTOTYPES = YES;
				CLANG_WARN_SUSPICIOUS_MOVE = YES;
				CLANG_WARN_UNGUARDED_AVAILABILITY = YES_AGGRESSIVE;
				CLANG_WARN_UNREACHABLE_CODE = YES;
				CLANG_WARN__DUPLICATE_METHOD_MATCH = YES;
				COPY_PHASE_STRIP = NO;
				DEBUG_INFORMATION_FORMAT = "dwarf-with-dsym";
				ENABLE_NS_ASSERTIONS = NO;
				ENABLE_STRICT_OBJC_MSGSEND = YES;
				GCC_C_LANGUAGE_STANDARD = gnu11;
				GCC_NO_COMMON_BLOCKS = YES;
				GCC_WARN_64_TO_32_BIT_CONVERSION = YES;
				GCC_WARN_ABOUT_RETURN_TYPE = YES_ERROR;
				GCC_WARN_UNDECLARED_SELECTOR = YES;
				GCC_WARN_UNINITIALIZED_AUTOS = YES_AGGRESSIVE;
				GCC_WARN_UNUSED_FUNCTION = YES;
				GCC_WARN_UNUSED_VARIABLE = YES;
				IPHONEOS_DEPLOYMENT_TARGET = 14.0;
				MTL_ENABLE_DEBUG_INFO = NO;
				MTL_FAST_MATH = YES;
				SDKROOT = iphoneos;
				SWIFT_COMPILATION_MODE = wholemodule;
				SWIFT_OPTIMIZATION_LEVEL = "-O";
				VALIDATE_PRODUCT = YES;
			};
			name = Release;
		};
		31B657612793D8BC0050EC9A /* Debug */ = {
			isa = XCBuildConfiguration;
			buildSettings = {
				ASSETCATALOG_COMPILER_APPICON_NAME = AppIcon;
				ASSETCATALOG_COMPILER_GLOBAL_ACCENT_COLOR_NAME = AccentColor;
				CODE_SIGN_STYLE = Automatic;
				CURRENT_PROJECT_VERSION = 1;
				DEVELOPMENT_TEAM = 7DY6Z945T9;
				GENERATE_INFOPLIST_FILE = YES;
				INFOPLIST_FILE = QuizApp/Info.plist;
				INFOPLIST_KEY_UIApplicationSupportsIndirectInputEvents = YES;
				INFOPLIST_KEY_UILaunchStoryboardName = LaunchScreen;
				INFOPLIST_KEY_UISupportedInterfaceOrientations_iPad = "UIInterfaceOrientationPortrait UIInterfaceOrientationPortraitUpsideDown UIInterfaceOrientationLandscapeLeft UIInterfaceOrientationLandscapeRight";
				INFOPLIST_KEY_UISupportedInterfaceOrientations_iPhone = "UIInterfaceOrientationPortrait UIInterfaceOrientationLandscapeLeft UIInterfaceOrientationLandscapeRight";
				LD_RUNPATH_SEARCH_PATHS = (
					"$(inherited)",
					"@executable_path/Frameworks",
				);
				MARKETING_VERSION = 1.0;
				PRODUCT_BUNDLE_IDENTIFIER = klioop.QuizApp;
				PRODUCT_NAME = "$(TARGET_NAME)";
				SWIFT_EMIT_LOC_STRINGS = YES;
				SWIFT_VERSION = 5.0;
				TARGETED_DEVICE_FAMILY = "1,2";
			};
			name = Debug;
		};
		31B657622793D8BC0050EC9A /* Release */ = {
			isa = XCBuildConfiguration;
			buildSettings = {
				ASSETCATALOG_COMPILER_APPICON_NAME = AppIcon;
				ASSETCATALOG_COMPILER_GLOBAL_ACCENT_COLOR_NAME = AccentColor;
				CODE_SIGN_STYLE = Automatic;
				CURRENT_PROJECT_VERSION = 1;
				DEVELOPMENT_TEAM = 7DY6Z945T9;
				GENERATE_INFOPLIST_FILE = YES;
				INFOPLIST_FILE = QuizApp/Info.plist;
				INFOPLIST_KEY_UIApplicationSupportsIndirectInputEvents = YES;
				INFOPLIST_KEY_UILaunchStoryboardName = LaunchScreen;
				INFOPLIST_KEY_UISupportedInterfaceOrientations_iPad = "UIInterfaceOrientationPortrait UIInterfaceOrientationPortraitUpsideDown UIInterfaceOrientationLandscapeLeft UIInterfaceOrientationLandscapeRight";
				INFOPLIST_KEY_UISupportedInterfaceOrientations_iPhone = "UIInterfaceOrientationPortrait UIInterfaceOrientationLandscapeLeft UIInterfaceOrientationLandscapeRight";
				LD_RUNPATH_SEARCH_PATHS = (
					"$(inherited)",
					"@executable_path/Frameworks",
				);
				MARKETING_VERSION = 1.0;
				PRODUCT_BUNDLE_IDENTIFIER = klioop.QuizApp;
				PRODUCT_NAME = "$(TARGET_NAME)";
				SWIFT_EMIT_LOC_STRINGS = YES;
				SWIFT_VERSION = 5.0;
				TARGETED_DEVICE_FAMILY = "1,2";
			};
			name = Release;
		};
		31B657642793D8BC0050EC9A /* Debug */ = {
			isa = XCBuildConfiguration;
			buildSettings = {
				ALWAYS_EMBED_SWIFT_STANDARD_LIBRARIES = YES;
				BUNDLE_LOADER = "$(TEST_HOST)";
				CLANG_ENABLE_MODULES = YES;
				CODE_SIGN_STYLE = Automatic;
				CURRENT_PROJECT_VERSION = 1;
				DEVELOPMENT_TEAM = 7DY6Z945T9;
				GENERATE_INFOPLIST_FILE = YES;
				IPHONEOS_DEPLOYMENT_TARGET = 14.0;
				LD_RUNPATH_SEARCH_PATHS = (
					"$(inherited)",
					"@executable_path/Frameworks",
					"@loader_path/Frameworks",
				);
				MARKETING_VERSION = 1.0;
				PRODUCT_BUNDLE_IDENTIFIER = klioop.QuizAppTests;
				PRODUCT_NAME = "$(TARGET_NAME)";
				SWIFT_EMIT_LOC_STRINGS = NO;
				SWIFT_OPTIMIZATION_LEVEL = "-Onone";
				SWIFT_VERSION = 5.0;
				TARGETED_DEVICE_FAMILY = "1,2";
				TEST_HOST = "$(BUILT_PRODUCTS_DIR)/QuizApp.app/QuizApp";
			};
			name = Debug;
		};
		31B657652793D8BC0050EC9A /* Release */ = {
			isa = XCBuildConfiguration;
			buildSettings = {
				ALWAYS_EMBED_SWIFT_STANDARD_LIBRARIES = YES;
				BUNDLE_LOADER = "$(TEST_HOST)";
				CLANG_ENABLE_MODULES = YES;
				CODE_SIGN_STYLE = Automatic;
				CURRENT_PROJECT_VERSION = 1;
				DEVELOPMENT_TEAM = 7DY6Z945T9;
				GENERATE_INFOPLIST_FILE = YES;
				IPHONEOS_DEPLOYMENT_TARGET = 14.0;
				LD_RUNPATH_SEARCH_PATHS = (
					"$(inherited)",
					"@executable_path/Frameworks",
					"@loader_path/Frameworks",
				);
				MARKETING_VERSION = 1.0;
				PRODUCT_BUNDLE_IDENTIFIER = klioop.QuizAppTests;
				PRODUCT_NAME = "$(TARGET_NAME)";
				SWIFT_EMIT_LOC_STRINGS = NO;
				SWIFT_VERSION = 5.0;
				TARGETED_DEVICE_FAMILY = "1,2";
				TEST_HOST = "$(BUILT_PRODUCTS_DIR)/QuizApp.app/QuizApp";
			};
			name = Release;
		};
/* End XCBuildConfiguration section */

/* Begin XCConfigurationList section */
		31B657312793D8B80050EC9A /* Build configuration list for PBXProject "QuizApp" */ = {
			isa = XCConfigurationList;
			buildConfigurations = (
				31B6575E2793D8BC0050EC9A /* Debug */,
				31B6575F2793D8BC0050EC9A /* Release */,
			);
			defaultConfigurationIsVisible = 0;
			defaultConfigurationName = Release;
		};
		31B657602793D8BC0050EC9A /* Build configuration list for PBXNativeTarget "QuizApp" */ = {
			isa = XCConfigurationList;
			buildConfigurations = (
				31B657612793D8BC0050EC9A /* Debug */,
				31B657622793D8BC0050EC9A /* Release */,
			);
			defaultConfigurationIsVisible = 0;
			defaultConfigurationName = Release;
		};
		31B657632793D8BC0050EC9A /* Build configuration list for PBXNativeTarget "QuizAppTests" */ = {
			isa = XCConfigurationList;
			buildConfigurations = (
				31B657642793D8BC0050EC9A /* Debug */,
				31B657652793D8BC0050EC9A /* Release */,
			);
			defaultConfigurationIsVisible = 0;
			defaultConfigurationName = Release;
		};
/* End XCConfigurationList section */

/* Begin XCRemoteSwiftPackageReference section */
		31B6576E2793DBC80050EC9A /* XCRemoteSwiftPackageReference "PinLayout" */ = {
			isa = XCRemoteSwiftPackageReference;
			repositoryURL = "https://github.com/layoutBox/PinLayout";
			requirement = {
				kind = upToNextMajorVersion;
				minimumVersion = 1.0.0;
			};
		};
/* End XCRemoteSwiftPackageReference section */

/* Begin XCSwiftPackageProductDependency section */
		31B6576F2793DBC80050EC9A /* PinLayout */ = {
			isa = XCSwiftPackageProductDependency;
			package = 31B6576E2793DBC80050EC9A /* XCRemoteSwiftPackageReference "PinLayout" */;
			productName = PinLayout;
		};
/* End XCSwiftPackageProductDependency section */
	};
	rootObject = 31B6572E2793D8B80050EC9A /* Project object */;
}
