// !$*UTF8*$!
{
	archiveVersion = 1;
	classes = {
	};
	objectVersion = 55;
	objects = {

/* Begin PBXBuildFile section */
		31B6578127959D6C0050EC9A /* Result.swift in Sources */ = {isa = PBXBuildFile; fileRef = 31B6578027959D6C0050EC9A /* Result.swift */; };
		31B6578327959D860050EC9A /* Router.swift in Sources */ = {isa = PBXBuildFile; fileRef = 31B6578227959D860050EC9A /* Router.swift */; };
		31B6578527959EE80050EC9A /* GameTest.swift in Sources */ = {isa = PBXBuildFile; fileRef = 31B6578427959EE80050EC9A /* GameTest.swift */; };
		31B6578727959FE70050EC9A /* Game.swift in Sources */ = {isa = PBXBuildFile; fileRef = 31B6578627959FE70050EC9A /* Game.swift */; };
		31B657892795A0EE0050EC9A /* RouterSpy.swift in Sources */ = {isa = PBXBuildFile; fileRef = 31B657882795A0EE0050EC9A /* RouterSpy.swift */; };
		31EEB6A927983F9A00D05D16 /* QuizEngine.framework in Frameworks */ = {isa = PBXBuildFile; fileRef = 31EEB6A127983F9A00D05D16 /* QuizEngine.framework */; };
		31EEB6B7279842A200D05D16 /* Router.swift in Sources */ = {isa = PBXBuildFile; fileRef = 31B6578227959D860050EC9A /* Router.swift */; };
		31EEB6B8279842A200D05D16 /* Game.swift in Sources */ = {isa = PBXBuildFile; fileRef = 31B6578627959FE70050EC9A /* Game.swift */; };
		31EEB6B9279842A200D05D16 /* Flow.swift in Sources */ = {isa = PBXBuildFile; fileRef = B22B75E42792AE210076962A /* Flow.swift */; };
		31EEB6BA279842A200D05D16 /* Result.swift in Sources */ = {isa = PBXBuildFile; fileRef = 31B6578027959D6C0050EC9A /* Result.swift */; };
		31EEB6BD279843F200D05D16 /* GameTest.swift in Sources */ = {isa = PBXBuildFile; fileRef = 31B6578427959EE80050EC9A /* GameTest.swift */; };
		31EEB6BE279843F200D05D16 /* FlowTest.swift in Sources */ = {isa = PBXBuildFile; fileRef = B22B75E22792AD380076962A /* FlowTest.swift */; };
		31EEB6BF279843F200D05D16 /* RouterSpy.swift in Sources */ = {isa = PBXBuildFile; fileRef = 31B657882795A0EE0050EC9A /* RouterSpy.swift */; };
		B22B75CD2792A4BA0076962A /* QuizEngine.docc in Sources */ = {isa = PBXBuildFile; fileRef = B22B75CC2792A4BA0076962A /* QuizEngine.docc */; };
		B22B75D32792A4BA0076962A /* QuizEngine.framework in Frameworks */ = {isa = PBXBuildFile; fileRef = B22B75C82792A4BA0076962A /* QuizEngine.framework */; };
		B22B75D92792A4BA0076962A /* QuizEngine.h in Headers */ = {isa = PBXBuildFile; fileRef = B22B75CB2792A4BA0076962A /* QuizEngine.h */; settings = {ATTRIBUTES = (Public, ); }; };
		B22B75E32792AD380076962A /* FlowTest.swift in Sources */ = {isa = PBXBuildFile; fileRef = B22B75E22792AD380076962A /* FlowTest.swift */; };
		B22B75E52792AE210076962A /* Flow.swift in Sources */ = {isa = PBXBuildFile; fileRef = B22B75E42792AE210076962A /* Flow.swift */; };
/* End PBXBuildFile section */

/* Begin PBXContainerItemProxy section */
		31EEB6AA27983F9A00D05D16 /* PBXContainerItemProxy */ = {
			isa = PBXContainerItemProxy;
			containerPortal = B22B75BF2792A4BA0076962A /* Project object */;
			proxyType = 1;
			remoteGlobalIDString = 31EEB6A027983F9A00D05D16;
			remoteInfo = QuizEngine_iOS;
		};
		B22B75D42792A4BA0076962A /* PBXContainerItemProxy */ = {
			isa = PBXContainerItemProxy;
			containerPortal = B22B75BF2792A4BA0076962A /* Project object */;
			proxyType = 1;
			remoteGlobalIDString = B22B75C72792A4BA0076962A;
			remoteInfo = QuizEngine;
		};
/* End PBXContainerItemProxy section */

/* Begin PBXFileReference section */
		31B6578027959D6C0050EC9A /* Result.swift */ = {isa = PBXFileReference; lastKnownFileType = sourcecode.swift; path = Result.swift; sourceTree = "<group>"; };
		31B6578227959D860050EC9A /* Router.swift */ = {isa = PBXFileReference; lastKnownFileType = sourcecode.swift; path = Router.swift; sourceTree = "<group>"; };
		31B6578427959EE80050EC9A /* GameTest.swift */ = {isa = PBXFileReference; lastKnownFileType = sourcecode.swift; path = GameTest.swift; sourceTree = "<group>"; };
		31B6578627959FE70050EC9A /* Game.swift */ = {isa = PBXFileReference; lastKnownFileType = sourcecode.swift; path = Game.swift; sourceTree = "<group>"; };
		31B657882795A0EE0050EC9A /* RouterSpy.swift */ = {isa = PBXFileReference; lastKnownFileType = sourcecode.swift; path = RouterSpy.swift; sourceTree = "<group>"; };
		31EEB6A127983F9A00D05D16 /* QuizEngine.framework */ = {isa = PBXFileReference; explicitFileType = wrapper.framework; includeInIndex = 0; path = QuizEngine.framework; sourceTree = BUILT_PRODUCTS_DIR; };
		31EEB6A827983F9A00D05D16 /* QuizEngine_iOSTests.xctest */ = {isa = PBXFileReference; explicitFileType = wrapper.cfbundle; includeInIndex = 0; path = QuizEngine_iOSTests.xctest; sourceTree = BUILT_PRODUCTS_DIR; };
		B22B75C82792A4BA0076962A /* QuizEngine.framework */ = {isa = PBXFileReference; explicitFileType = wrapper.framework; includeInIndex = 0; path = QuizEngine.framework; sourceTree = BUILT_PRODUCTS_DIR; };
		B22B75CB2792A4BA0076962A /* QuizEngine.h */ = {isa = PBXFileReference; lastKnownFileType = sourcecode.c.h; path = QuizEngine.h; sourceTree = "<group>"; };
		B22B75CC2792A4BA0076962A /* QuizEngine.docc */ = {isa = PBXFileReference; lastKnownFileType = folder.documentationcatalog; path = QuizEngine.docc; sourceTree = "<group>"; };
		B22B75D22792A4BA0076962A /* QuizEngineTests.xctest */ = {isa = PBXFileReference; explicitFileType = wrapper.cfbundle; includeInIndex = 0; path = QuizEngineTests.xctest; sourceTree = BUILT_PRODUCTS_DIR; };
		B22B75E22792AD380076962A /* FlowTest.swift */ = {isa = PBXFileReference; lastKnownFileType = sourcecode.swift; path = FlowTest.swift; sourceTree = "<group>"; };
		B22B75E42792AE210076962A /* Flow.swift */ = {isa = PBXFileReference; lastKnownFileType = sourcecode.swift; path = Flow.swift; sourceTree = "<group>"; };
/* End PBXFileReference section */

/* Begin PBXFrameworksBuildPhase section */
		31EEB69E27983F9A00D05D16 /* Frameworks */ = {
			isa = PBXFrameworksBuildPhase;
			buildActionMask = 2147483647;
			files = (
			);
			runOnlyForDeploymentPostprocessing = 0;
		};
		31EEB6A527983F9A00D05D16 /* Frameworks */ = {
			isa = PBXFrameworksBuildPhase;
			buildActionMask = 2147483647;
			files = (
				31EEB6A927983F9A00D05D16 /* QuizEngine.framework in Frameworks */,
			);
			runOnlyForDeploymentPostprocessing = 0;
		};
		B22B75C52792A4BA0076962A /* Frameworks */ = {
			isa = PBXFrameworksBuildPhase;
			buildActionMask = 2147483647;
			files = (
			);
			runOnlyForDeploymentPostprocessing = 0;
		};
		B22B75CF2792A4BA0076962A /* Frameworks */ = {
			isa = PBXFrameworksBuildPhase;
			buildActionMask = 2147483647;
			files = (
				B22B75D32792A4BA0076962A /* QuizEngine.framework in Frameworks */,
			);
			runOnlyForDeploymentPostprocessing = 0;
		};
/* End PBXFrameworksBuildPhase section */

/* Begin PBXGroup section */
		B22B75BE2792A4BA0076962A = {
			isa = PBXGroup;
			children = (
				B22B75CA2792A4BA0076962A /* QuizEngine */,
				B22B75D62792A4BA0076962A /* QuizEngineTests */,
				B22B75C92792A4BA0076962A /* Products */,
			);
			sourceTree = "<group>";
		};
		B22B75C92792A4BA0076962A /* Products */ = {
			isa = PBXGroup;
			children = (
				B22B75C82792A4BA0076962A /* QuizEngine.framework */,
				B22B75D22792A4BA0076962A /* QuizEngineTests.xctest */,
				31EEB6A127983F9A00D05D16 /* QuizEngine.framework */,
				31EEB6A827983F9A00D05D16 /* QuizEngine_iOSTests.xctest */,
			);
			name = Products;
			sourceTree = "<group>";
		};
		B22B75CA2792A4BA0076962A /* QuizEngine */ = {
			isa = PBXGroup;
			children = (
				B22B75CB2792A4BA0076962A /* QuizEngine.h */,
				B22B75CC2792A4BA0076962A /* QuizEngine.docc */,
				B22B75E42792AE210076962A /* Flow.swift */,
				31B6578027959D6C0050EC9A /* Result.swift */,
				31B6578227959D860050EC9A /* Router.swift */,
				31B6578627959FE70050EC9A /* Game.swift */,
			);
			path = QuizEngine;
			sourceTree = "<group>";
		};
		B22B75D62792A4BA0076962A /* QuizEngineTests */ = {
			isa = PBXGroup;
			children = (
				B22B75E22792AD380076962A /* FlowTest.swift */,
				31B6578427959EE80050EC9A /* GameTest.swift */,
				31B657882795A0EE0050EC9A /* RouterSpy.swift */,
			);
			path = QuizEngineTests;
			sourceTree = "<group>";
		};
/* End PBXGroup section */

/* Begin PBXHeadersBuildPhase section */
		31EEB69C27983F9A00D05D16 /* Headers */ = {
			isa = PBXHeadersBuildPhase;
			buildActionMask = 2147483647;
			files = (
			);
			runOnlyForDeploymentPostprocessing = 0;
		};
		B22B75C32792A4BA0076962A /* Headers */ = {
			isa = PBXHeadersBuildPhase;
			buildActionMask = 2147483647;
			files = (
				B22B75D92792A4BA0076962A /* QuizEngine.h in Headers */,
			);
			runOnlyForDeploymentPostprocessing = 0;
		};
/* End PBXHeadersBuildPhase section */

/* Begin PBXNativeTarget section */
		31EEB6A027983F9A00D05D16 /* QuizEngine_iOS */ = {
			isa = PBXNativeTarget;
			buildConfigurationList = 31EEB6B027983F9A00D05D16 /* Build configuration list for PBXNativeTarget "QuizEngine_iOS" */;
			buildPhases = (
				31EEB69C27983F9A00D05D16 /* Headers */,
				31EEB69D27983F9A00D05D16 /* Sources */,
				31EEB69E27983F9A00D05D16 /* Frameworks */,
				31EEB69F27983F9A00D05D16 /* Resources */,
			);
			buildRules = (
			);
			dependencies = (
			);
			name = QuizEngine_iOS;
			productName = QuizEngine_iOS;
			productReference = 31EEB6A127983F9A00D05D16 /* QuizEngine.framework */;
			productType = "com.apple.product-type.framework";
		};
		31EEB6A727983F9A00D05D16 /* QuizEngine_iOSTests */ = {
			isa = PBXNativeTarget;
			buildConfigurationList = 31EEB6B327983F9A00D05D16 /* Build configuration list for PBXNativeTarget "QuizEngine_iOSTests" */;
			buildPhases = (
				31EEB6A427983F9A00D05D16 /* Sources */,
				31EEB6A527983F9A00D05D16 /* Frameworks */,
				31EEB6A627983F9A00D05D16 /* Resources */,
			);
			buildRules = (
			);
			dependencies = (
				31EEB6AB27983F9A00D05D16 /* PBXTargetDependency */,
			);
			name = QuizEngine_iOSTests;
			productName = QuizEngine_iOSTests;
			productReference = 31EEB6A827983F9A00D05D16 /* QuizEngine_iOSTests.xctest */;
			productType = "com.apple.product-type.bundle.unit-test";
		};
		B22B75C72792A4BA0076962A /* QuizEngine */ = {
			isa = PBXNativeTarget;
			buildConfigurationList = B22B75DC2792A4BA0076962A /* Build configuration list for PBXNativeTarget "QuizEngine" */;
			buildPhases = (
				B22B75C32792A4BA0076962A /* Headers */,
				B22B75C42792A4BA0076962A /* Sources */,
				B22B75C52792A4BA0076962A /* Frameworks */,
				B22B75C62792A4BA0076962A /* Resources */,
			);
			buildRules = (
			);
			dependencies = (
			);
			name = QuizEngine;
			productName = QuizEngine;
			productReference = B22B75C82792A4BA0076962A /* QuizEngine.framework */;
			productType = "com.apple.product-type.framework";
		};
		B22B75D12792A4BA0076962A /* QuizEngineTests */ = {
			isa = PBXNativeTarget;
			buildConfigurationList = B22B75DF2792A4BA0076962A /* Build configuration list for PBXNativeTarget "QuizEngineTests" */;
			buildPhases = (
				B22B75CE2792A4BA0076962A /* Sources */,
				B22B75CF2792A4BA0076962A /* Frameworks */,
				B22B75D02792A4BA0076962A /* Resources */,
			);
			buildRules = (
			);
			dependencies = (
				B22B75D52792A4BA0076962A /* PBXTargetDependency */,
			);
			name = QuizEngineTests;
			productName = QuizEngineTests;
			productReference = B22B75D22792A4BA0076962A /* QuizEngineTests.xctest */;
			productType = "com.apple.product-type.bundle.unit-test";
		};
/* End PBXNativeTarget section */

/* Begin PBXProject section */
		B22B75BF2792A4BA0076962A /* Project object */ = {
			isa = PBXProject;
			attributes = {
				BuildIndependentTargetsInParallel = 1;
				LastSwiftUpdateCheck = 1320;
				LastUpgradeCheck = 1310;
				TargetAttributes = {
					31EEB6A027983F9A00D05D16 = {
						CreatedOnToolsVersion = 13.2;
					};
					31EEB6A727983F9A00D05D16 = {
						CreatedOnToolsVersion = 13.2;
					};
					B22B75C72792A4BA0076962A = {
						CreatedOnToolsVersion = 13.1;
					};
					B22B75D12792A4BA0076962A = {
						CreatedOnToolsVersion = 13.1;
					};
				};
			};
			buildConfigurationList = B22B75C22792A4BA0076962A /* Build configuration list for PBXProject "QuizEngine" */;
			compatibilityVersion = "Xcode 13.0";
			developmentRegion = en;
			hasScannedForEncodings = 0;
			knownRegions = (
				en,
				Base,
			);
			mainGroup = B22B75BE2792A4BA0076962A;
			productRefGroup = B22B75C92792A4BA0076962A /* Products */;
			projectDirPath = "";
			projectRoot = "";
			targets = (
				B22B75C72792A4BA0076962A /* QuizEngine */,
				B22B75D12792A4BA0076962A /* QuizEngineTests */,
				31EEB6A027983F9A00D05D16 /* QuizEngine_iOS */,
				31EEB6A727983F9A00D05D16 /* QuizEngine_iOSTests */,
			);
		};
/* End PBXProject section */

/* Begin PBXResourcesBuildPhase section */
		31EEB69F27983F9A00D05D16 /* Resources */ = {
			isa = PBXResourcesBuildPhase;
			buildActionMask = 2147483647;
			files = (
			);
			runOnlyForDeploymentPostprocessing = 0;
		};
		31EEB6A627983F9A00D05D16 /* Resources */ = {
			isa = PBXResourcesBuildPhase;
			buildActionMask = 2147483647;
			files = (
			);
			runOnlyForDeploymentPostprocessing = 0;
		};
		B22B75C62792A4BA0076962A /* Resources */ = {
			isa = PBXResourcesBuildPhase;
			buildActionMask = 2147483647;
			files = (
			);
			runOnlyForDeploymentPostprocessing = 0;
		};
		B22B75D02792A4BA0076962A /* Resources */ = {
			isa = PBXResourcesBuildPhase;
			buildActionMask = 2147483647;
			files = (
			);
			runOnlyForDeploymentPostprocessing = 0;
		};
/* End PBXResourcesBuildPhase section */

/* Begin PBXSourcesBuildPhase section */
		31EEB69D27983F9A00D05D16 /* Sources */ = {
			isa = PBXSourcesBuildPhase;
			buildActionMask = 2147483647;
			files = (
				31EEB6B9279842A200D05D16 /* Flow.swift in Sources */,
				31EEB6B7279842A200D05D16 /* Router.swift in Sources */,
				31EEB6BA279842A200D05D16 /* Result.swift in Sources */,
				31EEB6B8279842A200D05D16 /* Game.swift in Sources */,
			);
			runOnlyForDeploymentPostprocessing = 0;
		};
		31EEB6A427983F9A00D05D16 /* Sources */ = {
			isa = PBXSourcesBuildPhase;
			buildActionMask = 2147483647;
			files = (
				31EEB6BD279843F200D05D16 /* GameTest.swift in Sources */,
				31EEB6BE279843F200D05D16 /* FlowTest.swift in Sources */,
				31EEB6BF279843F200D05D16 /* RouterSpy.swift in Sources */,
			);
			runOnlyForDeploymentPostprocessing = 0;
		};
		B22B75C42792A4BA0076962A /* Sources */ = {
			isa = PBXSourcesBuildPhase;
			buildActionMask = 2147483647;
			files = (
				31B6578327959D860050EC9A /* Router.swift in Sources */,
				31B6578727959FE70050EC9A /* Game.swift in Sources */,
				31B6578127959D6C0050EC9A /* Result.swift in Sources */,
				B22B75CD2792A4BA0076962A /* QuizEngine.docc in Sources */,
				B22B75E52792AE210076962A /* Flow.swift in Sources */,
			);
			runOnlyForDeploymentPostprocessing = 0;
		};
		B22B75CE2792A4BA0076962A /* Sources */ = {
			isa = PBXSourcesBuildPhase;
			buildActionMask = 2147483647;
			files = (
				B22B75E32792AD380076962A /* FlowTest.swift in Sources */,
				31B6578527959EE80050EC9A /* GameTest.swift in Sources */,
				31B657892795A0EE0050EC9A /* RouterSpy.swift in Sources */,
			);
			runOnlyForDeploymentPostprocessing = 0;
		};
/* End PBXSourcesBuildPhase section */

/* Begin PBXTargetDependency section */
		31EEB6AB27983F9A00D05D16 /* PBXTargetDependency */ = {
			isa = PBXTargetDependency;
			target = 31EEB6A027983F9A00D05D16 /* QuizEngine_iOS */;
			targetProxy = 31EEB6AA27983F9A00D05D16 /* PBXContainerItemProxy */;
		};
		B22B75D52792A4BA0076962A /* PBXTargetDependency */ = {
			isa = PBXTargetDependency;
			target = B22B75C72792A4BA0076962A /* QuizEngine */;
			targetProxy = B22B75D42792A4BA0076962A /* PBXContainerItemProxy */;
		};
/* End PBXTargetDependency section */

/* Begin XCBuildConfiguration section */
		31EEB6B127983F9A00D05D16 /* Debug */ = {
			isa = XCBuildConfiguration;
			buildSettings = {
				CODE_SIGN_STYLE = Automatic;
				CURRENT_PROJECT_VERSION = 1;
				DEFINES_MODULE = YES;
				DEVELOPMENT_TEAM = 7DY6Z945T9;
				DYLIB_COMPATIBILITY_VERSION = 1;
				DYLIB_CURRENT_VERSION = 1;
				DYLIB_INSTALL_NAME_BASE = "@rpath";
				GENERATE_INFOPLIST_FILE = YES;
				INFOPLIST_KEY_NSHumanReadableCopyright = "";
				INSTALL_PATH = "$(LOCAL_LIBRARY_DIR)/Frameworks";
				IPHONEOS_DEPLOYMENT_TARGET = 14.0;
				LD_RUNPATH_SEARCH_PATHS = (
					"$(inherited)",
					"@executable_path/Frameworks",
					"@loader_path/Frameworks",
				);
				MARKETING_VERSION = 1.0;
				PRODUCT_BUNDLE_IDENTIFIER = "klioop.QuizEngine-iOS";
				PRODUCT_NAME = QuizEngine;
				SDKROOT = iphoneos;
				SKIP_INSTALL = YES;
				SWIFT_EMIT_LOC_STRINGS = YES;
				SWIFT_VERSION = 5.0;
				TARGETED_DEVICE_FAMILY = "1,2";
			};
			name = Debug;
		};
		31EEB6B227983F9A00D05D16 /* Release */ = {
			isa = XCBuildConfiguration;
			buildSettings = {
				CODE_SIGN_STYLE = Automatic;
				CURRENT_PROJECT_VERSION = 1;
				DEFINES_MODULE = YES;
				DEVELOPMENT_TEAM = 7DY6Z945T9;
				DYLIB_COMPATIBILITY_VERSION = 1;
				DYLIB_CURRENT_VERSION = 1;
				DYLIB_INSTALL_NAME_BASE = "@rpath";
				GENERATE_INFOPLIST_FILE = YES;
				INFOPLIST_KEY_NSHumanReadableCopyright = "";
				INSTALL_PATH = "$(LOCAL_LIBRARY_DIR)/Frameworks";
				IPHONEOS_DEPLOYMENT_TARGET = 14.0;
				LD_RUNPATH_SEARCH_PATHS = (
					"$(inherited)",
					"@executable_path/Frameworks",
					"@loader_path/Frameworks",
				);
				MARKETING_VERSION = 1.0;
				PRODUCT_BUNDLE_IDENTIFIER = "klioop.QuizEngine-iOS";
				PRODUCT_NAME = QuizEngine;
				SDKROOT = iphoneos;
				SKIP_INSTALL = YES;
				SWIFT_EMIT_LOC_STRINGS = YES;
				SWIFT_VERSION = 5.0;
				TARGETED_DEVICE_FAMILY = "1,2";
				VALIDATE_PRODUCT = YES;
			};
			name = Release;
		};
		31EEB6B427983F9A00D05D16 /* Debug */ = {
			isa = XCBuildConfiguration;
			buildSettings = {
				ALWAYS_EMBED_SWIFT_STANDARD_LIBRARIES = YES;
				CODE_SIGN_STYLE = Automatic;
				CURRENT_PROJECT_VERSION = 1;
				DEVELOPMENT_TEAM = 7DY6Z945T9;
				GENERATE_INFOPLIST_FILE = YES;
				IPHONEOS_DEPLOYMENT_TARGET = 14.0;
				MARKETING_VERSION = 1.0;
				PRODUCT_BUNDLE_IDENTIFIER = "klioop.QuizEngine-iOSTests";
				PRODUCT_NAME = "$(TARGET_NAME)";
				SDKROOT = iphoneos;
				SWIFT_EMIT_LOC_STRINGS = NO;
				SWIFT_VERSION = 5.0;
				TARGETED_DEVICE_FAMILY = "1,2";
			};
			name = Debug;
		};
		31EEB6B527983F9A00D05D16 /* Release */ = {
			isa = XCBuildConfiguration;
			buildSettings = {
				ALWAYS_EMBED_SWIFT_STANDARD_LIBRARIES = YES;
				CODE_SIGN_STYLE = Automatic;
				CURRENT_PROJECT_VERSION = 1;
				DEVELOPMENT_TEAM = 7DY6Z945T9;
				GENERATE_INFOPLIST_FILE = YES;
				IPHONEOS_DEPLOYMENT_TARGET = 14.0;
				MARKETING_VERSION = 1.0;
				PRODUCT_BUNDLE_IDENTIFIER = "klioop.QuizEngine-iOSTests";
				PRODUCT_NAME = "$(TARGET_NAME)";
				SDKROOT = iphoneos;
				SWIFT_EMIT_LOC_STRINGS = NO;
				SWIFT_VERSION = 5.0;
				TARGETED_DEVICE_FAMILY = "1,2";
				VALIDATE_PRODUCT = YES;
			};
			name = Release;
		};
		B22B75DA2792A4BA0076962A /* Debug */ = {
			isa = XCBuildConfiguration;
			buildSettings = {
				ALWAYS_SEARCH_USER_PATHS = NO;
				CLANG_ANALYZER_NONNULL = YES;
				CLANG_ANALYZER_NUMBER_OBJECT_CONVERSION = YES_AGGRESSIVE;
				CLANG_CXX_LANGUAGE_STANDARD = "gnu++17";
				CLANG_CXX_LIBRARY = "libc++";
				CLANG_ENABLE_MODULES = YES;
				CLANG_ENABLE_OBJC_ARC = YES;
				CLANG_ENABLE_OBJC_WEAK = YES;
				CLANG_WARN_BLOCK_CAPTURE_AUTORELEASING = YES;
				CLANG_WARN_BOOL_CONVERSION = YES;
				CLANG_WARN_COMMA = YES;
				CLANG_WARN_CONSTANT_CONVERSION = YES;
				CLANG_WARN_DEPRECATED_OBJC_IMPLEMENTATIONS = YES;
				CLANG_WARN_DIRECT_OBJC_ISA_USAGE = YES_ERROR;
				CLANG_WARN_DOCUMENTATION_COMMENTS = YES;
				CLANG_WARN_EMPTY_BODY = YES;
				CLANG_WARN_ENUM_CONVERSION = YES;
				CLANG_WARN_INFINITE_RECURSION = YES;
				CLANG_WARN_INT_CONVERSION = YES;
				CLANG_WARN_NON_LITERAL_NULL_CONVERSION = YES;
				CLANG_WARN_OBJC_IMPLICIT_RETAIN_SELF = YES;
				CLANG_WARN_OBJC_LITERAL_CONVERSION = YES;
				CLANG_WARN_OBJC_ROOT_CLASS = YES_ERROR;
				CLANG_WARN_QUOTED_INCLUDE_IN_FRAMEWORK_HEADER = YES;
				CLANG_WARN_RANGE_LOOP_ANALYSIS = YES;
				CLANG_WARN_STRICT_PROTOTYPES = YES;
				CLANG_WARN_SUSPICIOUS_MOVE = YES;
				CLANG_WARN_UNGUARDED_AVAILABILITY = YES_AGGRESSIVE;
				CLANG_WARN_UNREACHABLE_CODE = YES;
				CLANG_WARN__DUPLICATE_METHOD_MATCH = YES;
				COPY_PHASE_STRIP = NO;
				CURRENT_PROJECT_VERSION = 1;
				DEBUG_INFORMATION_FORMAT = dwarf;
				ENABLE_STRICT_OBJC_MSGSEND = YES;
				ENABLE_TESTABILITY = YES;
				GCC_C_LANGUAGE_STANDARD = gnu11;
				GCC_DYNAMIC_NO_PIC = NO;
				GCC_NO_COMMON_BLOCKS = YES;
				GCC_OPTIMIZATION_LEVEL = 0;
				GCC_PREPROCESSOR_DEFINITIONS = (
					"DEBUG=1",
					"$(inherited)",
				);
				GCC_WARN_64_TO_32_BIT_CONVERSION = YES;
				GCC_WARN_ABOUT_RETURN_TYPE = YES_ERROR;
				GCC_WARN_UNDECLARED_SELECTOR = YES;
				GCC_WARN_UNINITIALIZED_AUTOS = YES_AGGRESSIVE;
				GCC_WARN_UNUSED_FUNCTION = YES;
				GCC_WARN_UNUSED_VARIABLE = YES;
				MACOSX_DEPLOYMENT_TARGET = 12.0;
				MTL_ENABLE_DEBUG_INFO = INCLUDE_SOURCE;
				MTL_FAST_MATH = YES;
				ONLY_ACTIVE_ARCH = YES;
				SDKROOT = macosx;
				SWIFT_ACTIVE_COMPILATION_CONDITIONS = DEBUG;
				SWIFT_OPTIMIZATION_LEVEL = "-Onone";
				VERSIONING_SYSTEM = "apple-generic";
				VERSION_INFO_PREFIX = "";
			};
			name = Debug;
		};
		B22B75DB2792A4BA0076962A /* Release */ = {
			isa = XCBuildConfiguration;
			buildSettings = {
				ALWAYS_SEARCH_USER_PATHS = NO;
				CLANG_ANALYZER_NONNULL = YES;
				CLANG_ANALYZER_NUMBER_OBJECT_CONVERSION = YES_AGGRESSIVE;
				CLANG_CXX_LANGUAGE_STANDARD = "gnu++17";
				CLANG_CXX_LIBRARY = "libc++";
				CLANG_ENABLE_MODULES = YES;
				CLANG_ENABLE_OBJC_ARC = YES;
				CLANG_ENABLE_OBJC_WEAK = YES;
				CLANG_WARN_BLOCK_CAPTURE_AUTORELEASING = YES;
				CLANG_WARN_BOOL_CONVERSION = YES;
				CLANG_WARN_COMMA = YES;
				CLANG_WARN_CONSTANT_CONVERSION = YES;
				CLANG_WARN_DEPRECATED_OBJC_IMPLEMENTATIONS = YES;
				CLANG_WARN_DIRECT_OBJC_ISA_USAGE = YES_ERROR;
				CLANG_WARN_DOCUMENTATION_COMMENTS = YES;
				CLANG_WARN_EMPTY_BODY = YES;
				CLANG_WARN_ENUM_CONVERSION = YES;
				CLANG_WARN_INFINITE_RECURSION = YES;
				CLANG_WARN_INT_CONVERSION = YES;
				CLANG_WARN_NON_LITERAL_NULL_CONVERSION = YES;
				CLANG_WARN_OBJC_IMPLICIT_RETAIN_SELF = YES;
				CLANG_WARN_OBJC_LITERAL_CONVERSION = YES;
				CLANG_WARN_OBJC_ROOT_CLASS = YES_ERROR;
				CLANG_WARN_QUOTED_INCLUDE_IN_FRAMEWORK_HEADER = YES;
				CLANG_WARN_RANGE_LOOP_ANALYSIS = YES;
				CLANG_WARN_STRICT_PROTOTYPES = YES;
				CLANG_WARN_SUSPICIOUS_MOVE = YES;
				CLANG_WARN_UNGUARDED_AVAILABILITY = YES_AGGRESSIVE;
				CLANG_WARN_UNREACHABLE_CODE = YES;
				CLANG_WARN__DUPLICATE_METHOD_MATCH = YES;
				COPY_PHASE_STRIP = NO;
				CURRENT_PROJECT_VERSION = 1;
				DEBUG_INFORMATION_FORMAT = "dwarf-with-dsym";
				ENABLE_NS_ASSERTIONS = NO;
				ENABLE_STRICT_OBJC_MSGSEND = YES;
				GCC_C_LANGUAGE_STANDARD = gnu11;
				GCC_NO_COMMON_BLOCKS = YES;
				GCC_WARN_64_TO_32_BIT_CONVERSION = YES;
				GCC_WARN_ABOUT_RETURN_TYPE = YES_ERROR;
				GCC_WARN_UNDECLARED_SELECTOR = YES;
				GCC_WARN_UNINITIALIZED_AUTOS = YES_AGGRESSIVE;
				GCC_WARN_UNUSED_FUNCTION = YES;
				GCC_WARN_UNUSED_VARIABLE = YES;
				MACOSX_DEPLOYMENT_TARGET = 12.0;
				MTL_ENABLE_DEBUG_INFO = NO;
				MTL_FAST_MATH = YES;
				SDKROOT = macosx;
				SWIFT_COMPILATION_MODE = wholemodule;
				SWIFT_OPTIMIZATION_LEVEL = "-O";
				VERSIONING_SYSTEM = "apple-generic";
				VERSION_INFO_PREFIX = "";
			};
			name = Release;
		};
		B22B75DD2792A4BA0076962A /* Debug */ = {
			isa = XCBuildConfiguration;
			buildSettings = {
				CODE_SIGN_IDENTITY = "Apple Development";
				CODE_SIGN_STYLE = Automatic;
				COMBINE_HIDPI_IMAGES = YES;
				CURRENT_PROJECT_VERSION = 1;
				DEFINES_MODULE = YES;
				DEVELOPMENT_TEAM = 7DY6Z945T9;
				DYLIB_COMPATIBILITY_VERSION = 1;
				DYLIB_CURRENT_VERSION = 1;
				DYLIB_INSTALL_NAME_BASE = "@rpath";
				GENERATE_INFOPLIST_FILE = YES;
				INFOPLIST_KEY_NSHumanReadableCopyright = "";
				INSTALL_PATH = "$(LOCAL_LIBRARY_DIR)/Frameworks";
				LD_RUNPATH_SEARCH_PATHS = (
					"$(inherited)",
					"@executable_path/../Frameworks",
					"@loader_path/Frameworks",
				);
				MARKETING_VERSION = 1.0;
				PRODUCT_BUNDLE_IDENTIFIER = com.onuii.QuizEngine;
				PRODUCT_NAME = "$(TARGET_NAME:c99extidentifier)";
				SKIP_INSTALL = YES;
				SWIFT_EMIT_LOC_STRINGS = YES;
				SWIFT_VERSION = 5.0;
			};
			name = Debug;
		};
		B22B75DE2792A4BA0076962A /* Release */ = {
			isa = XCBuildConfiguration;
			buildSettings = {
				CODE_SIGN_IDENTITY = "Apple Development";
				CODE_SIGN_STYLE = Automatic;
				COMBINE_HIDPI_IMAGES = YES;
				CURRENT_PROJECT_VERSION = 1;
				DEFINES_MODULE = YES;
				DEVELOPMENT_TEAM = L4N7KDLRJZ;
				DYLIB_COMPATIBILITY_VERSION = 1;
				DYLIB_CURRENT_VERSION = 1;
				DYLIB_INSTALL_NAME_BASE = "@rpath";
				GENERATE_INFOPLIST_FILE = YES;
				INFOPLIST_KEY_NSHumanReadableCopyright = "";
				INSTALL_PATH = "$(LOCAL_LIBRARY_DIR)/Frameworks";
				LD_RUNPATH_SEARCH_PATHS = (
					"$(inherited)",
					"@executable_path/../Frameworks",
					"@loader_path/Frameworks",
				);
				MARKETING_VERSION = 1.0;
				PRODUCT_BUNDLE_IDENTIFIER = com.onuii.QuizEngine;
				PRODUCT_NAME = "$(TARGET_NAME:c99extidentifier)";
				SKIP_INSTALL = YES;
				SWIFT_EMIT_LOC_STRINGS = YES;
				SWIFT_VERSION = 5.0;
			};
			name = Release;
		};
		B22B75E02792A4BA0076962A /* Debug */ = {
			isa = XCBuildConfiguration;
			buildSettings = {
				ALWAYS_EMBED_SWIFT_STANDARD_LIBRARIES = YES;
				CODE_SIGN_STYLE = Automatic;
				COMBINE_HIDPI_IMAGES = YES;
				CURRENT_PROJECT_VERSION = 1;
				DEVELOPMENT_TEAM = HLNWXJ8WJ4;
				GENERATE_INFOPLIST_FILE = YES;
				LD_RUNPATH_SEARCH_PATHS = (
					"$(inherited)",
					"@executable_path/../Frameworks",
					"@loader_path/../Frameworks",
				);
				MARKETING_VERSION = 1.0;
				PRODUCT_BUNDLE_IDENTIFIER = com.onuii.QuizEngineTests;
				PRODUCT_NAME = "$(TARGET_NAME)";
				SWIFT_EMIT_LOC_STRINGS = NO;
				SWIFT_VERSION = 5.0;
			};
			name = Debug;
		};
		B22B75E12792A4BA0076962A /* Release */ = {
			isa = XCBuildConfiguration;
			buildSettings = {
				ALWAYS_EMBED_SWIFT_STANDARD_LIBRARIES = YES;
				CODE_SIGN_STYLE = Automatic;
				COMBINE_HIDPI_IMAGES = YES;
				CURRENT_PROJECT_VERSION = 1;
				DEVELOPMENT_TEAM = HLNWXJ8WJ4;
				GENERATE_INFOPLIST_FILE = YES;
				LD_RUNPATH_SEARCH_PATHS = (
					"$(inherited)",
					"@executable_path/../Frameworks",
					"@loader_path/../Frameworks",
				);
				MARKETING_VERSION = 1.0;
				PRODUCT_BUNDLE_IDENTIFIER = com.onuii.QuizEngineTests;
				PRODUCT_NAME = "$(TARGET_NAME)";
				SWIFT_EMIT_LOC_STRINGS = NO;
				SWIFT_VERSION = 5.0;
			};
			name = Release;
		};
/* End XCBuildConfiguration section */

/* Begin XCConfigurationList section */
		31EEB6B027983F9A00D05D16 /* Build configuration list for PBXNativeTarget "QuizEngine_iOS" */ = {
			isa = XCConfigurationList;
			buildConfigurations = (
				31EEB6B127983F9A00D05D16 /* Debug */,
				31EEB6B227983F9A00D05D16 /* Release */,
			);
			defaultConfigurationIsVisible = 0;
			defaultConfigurationName = Release;
		};
		31EEB6B327983F9A00D05D16 /* Build configuration list for PBXNativeTarget "QuizEngine_iOSTests" */ = {
			isa = XCConfigurationList;
			buildConfigurations = (
				31EEB6B427983F9A00D05D16 /* Debug */,
				31EEB6B527983F9A00D05D16 /* Release */,
			);
			defaultConfigurationIsVisible = 0;
			defaultConfigurationName = Release;
		};
		B22B75C22792A4BA0076962A /* Build configuration list for PBXProject "QuizEngine" */ = {
			isa = XCConfigurationList;
			buildConfigurations = (
				B22B75DA2792A4BA0076962A /* Debug */,
				B22B75DB2792A4BA0076962A /* Release */,
			);
			defaultConfigurationIsVisible = 0;
			defaultConfigurationName = Release;
		};
		B22B75DC2792A4BA0076962A /* Build configuration list for PBXNativeTarget "QuizEngine" */ = {
			isa = XCConfigurationList;
			buildConfigurations = (
				B22B75DD2792A4BA0076962A /* Debug */,
				B22B75DE2792A4BA0076962A /* Release */,
			);
			defaultConfigurationIsVisible = 0;
			defaultConfigurationName = Release;
		};
		B22B75DF2792A4BA0076962A /* Build configuration list for PBXNativeTarget "QuizEngineTests" */ = {
			isa = XCConfigurationList;
			buildConfigurations = (
				B22B75E02792A4BA0076962A /* Debug */,
				B22B75E12792A4BA0076962A /* Release */,
			);
			defaultConfigurationIsVisible = 0;
			defaultConfigurationName = Release;
		};
/* End XCConfigurationList section */
	};
	rootObject = B22B75BF2792A4BA0076962A /* Project object */;
}
